%{"earmark": {:hex, :earmark, "1.0.3", "89bdbaf2aca8bbb5c97d8b3b55c5dd0cff517ecc78d417e87f1d0982e514557b", [:mix], []},
  "ex_doc": {:hex, :ex_doc, "0.14.5", "c0433c8117e948404d93ca69411dd575ec6be39b47802e81ca8d91017a0cf83c", [:mix], [{:earmark, "~> 1.0", [hex: :earmark, optional: false]}]},
  "ffmpex": {:hex, :ffmpex, "0.4.1", "3bd5ac2698ce919197c0b1f46c0e0c7b40de18b827e524d5add4ff125ee78c66", [:mix], [], "hexpm"},
  "mogrify": {:hex, :mogrify, "0.5.4", "acb5568335069c5742df444559961b86c304d7969853e77d6561ca916910f75e", [:mix], [], "hexpm"}}
